// !$*UTF8*$!
{
	archiveVersion = 1;
	classes = {
	};
	objectVersion = 50;
	objects = {

/* Begin PBXBuildFile section */
		01E4E55624F625AC00EDD1D8 /* AppDelegate.swift in Sources */ = {isa = PBXBuildFile; fileRef = 01E4E55524F625AC00EDD1D8 /* AppDelegate.swift */; };
		01E4E55824F625AC00EDD1D8 /* SceneDelegate.swift in Sources */ = {isa = PBXBuildFile; fileRef = 01E4E55724F625AC00EDD1D8 /* SceneDelegate.swift */; };
		01E4E55C24F625B000EDD1D8 /* Assets.xcassets in Resources */ = {isa = PBXBuildFile; fileRef = 01E4E55B24F625B000EDD1D8 /* Assets.xcassets */; };
		01E4E55F24F625B000EDD1D8 /* Preview Assets.xcassets in Resources */ = {isa = PBXBuildFile; fileRef = 01E4E55E24F625B000EDD1D8 /* Preview Assets.xcassets */; };
		01E4E56224F625B000EDD1D8 /* LaunchScreen.storyboard in Resources */ = {isa = PBXBuildFile; fileRef = 01E4E56024F625B000EDD1D8 /* LaunchScreen.storyboard */; };
		01E4E56B24F6261300EDD1D8 /* ContentView.swift in Sources */ = {isa = PBXBuildFile; fileRef = 01E4E56A24F6261300EDD1D8 /* ContentView.swift */; };
/* End PBXBuildFile section */

/* Begin PBXFileReference section */
		01E4E55224F625AC00EDD1D8 /* SPM.app */ = {isa = PBXFileReference; explicitFileType = wrapper.application; includeInIndex = 0; path = SPM.app; sourceTree = BUILT_PRODUCTS_DIR; };
		01E4E55524F625AC00EDD1D8 /* AppDelegate.swift */ = {isa = PBXFileReference; lastKnownFileType = sourcecode.swift; path = AppDelegate.swift; sourceTree = "<group>"; };
		01E4E55724F625AC00EDD1D8 /* SceneDelegate.swift */ = {isa = PBXFileReference; lastKnownFileType = sourcecode.swift; path = SceneDelegate.swift; sourceTree = "<group>"; };
		01E4E55B24F625B000EDD1D8 /* Assets.xcassets */ = {isa = PBXFileReference; lastKnownFileType = folder.assetcatalog; path = Assets.xcassets; sourceTree = "<group>"; };
		01E4E55E24F625B000EDD1D8 /* Preview Assets.xcassets */ = {isa = PBXFileReference; lastKnownFileType = folder.assetcatalog; path = "Preview Assets.xcassets"; sourceTree = "<group>"; };
		01E4E56124F625B000EDD1D8 /* Base */ = {isa = PBXFileReference; lastKnownFileType = file.storyboard; name = Base; path = Base.lproj/LaunchScreen.storyboard; sourceTree = "<group>"; };
		01E4E56324F625B000EDD1D8 /* Info.plist */ = {isa = PBXFileReference; lastKnownFileType = text.plist.xml; path = Info.plist; sourceTree = "<group>"; };
		01E4E56A24F6261300EDD1D8 /* ContentView.swift */ = {isa = PBXFileReference; fileEncoding = 4; lastKnownFileType = sourcecode.swift; path = ContentView.swift; sourceTree = "<group>"; };
/* End PBXFileReference section */

/* Begin PBXFrameworksBuildPhase section */
		01E4E54F24F625AC00EDD1D8 /* Frameworks */ = {
			isa = PBXFrameworksBuildPhase;
			buildActionMask = 2147483647;
			files = (
			);
			runOnlyForDeploymentPostprocessing = 0;
		};
/* End PBXFrameworksBuildPhase section */

/* Begin PBXGroup section */
		01E4E54924F625AC00EDD1D8 = {
			isa = PBXGroup;
			children = (
				01E4E55424F625AC00EDD1D8 /* SPM */,
				01E4E55324F625AC00EDD1D8 /* Products */,
			);
			sourceTree = "<group>";
		};
		01E4E55324F625AC00EDD1D8 /* Products */ = {
			isa = PBXGroup;
			children = (
				01E4E55224F625AC00EDD1D8 /* SPM.app */,
			);
			name = Products;
			sourceTree = "<group>";
		};
		01E4E55424F625AC00EDD1D8 /* SPM */ = {
			isa = PBXGroup;
			children = (
				01E4E55524F625AC00EDD1D8 /* AppDelegate.swift */,
				01E4E56A24F6261300EDD1D8 /* ContentView.swift */,
				01E4E55724F625AC00EDD1D8 /* SceneDelegate.swift */,
				01E4E55B24F625B000EDD1D8 /* Assets.xcassets */,
				01E4E56024F625B000EDD1D8 /* LaunchScreen.storyboard */,
				01E4E56324F625B000EDD1D8 /* Info.plist */,
				01E4E55D24F625B000EDD1D8 /* Preview Content */,
			);
			path = SPM;
			sourceTree = "<group>";
		};
		01E4E55D24F625B000EDD1D8 /* Preview Content */ = {
			isa = PBXGroup;
			children = (
				01E4E55E24F625B000EDD1D8 /* Preview Assets.xcassets */,
			);
			path = "Preview Content";
			sourceTree = "<group>";
		};
/* End PBXGroup section */

/* Begin PBXNativeTarget section */
		01E4E55124F625AC00EDD1D8 /* SPM */ = {
			isa = PBXNativeTarget;
			buildConfigurationList = 01E4E56624F625B000EDD1D8 /* Build configuration list for PBXNativeTarget "SPM" */;
			buildPhases = (
				01E4E54E24F625AC00EDD1D8 /* Sources */,
				01E4E54F24F625AC00EDD1D8 /* Frameworks */,
				01E4E55024F625AC00EDD1D8 /* Resources */,
			);
			buildRules = (
			);
			dependencies = (
			);
			name = SPM;
			productName = SPM;
			productReference = 01E4E55224F625AC00EDD1D8 /* SPM.app */;
			productType = "com.apple.product-type.application";
		};
/* End PBXNativeTarget section */

/* Begin PBXProject section */
		01E4E54A24F625AC00EDD1D8 /* Project object */ = {
			isa = PBXProject;
			attributes = {
				LastSwiftUpdateCheck = 1160;
				LastUpgradeCheck = 1160;
				ORGANIZATIONNAME = Kintell;
				TargetAttributes = {
					01E4E55124F625AC00EDD1D8 = {
						CreatedOnToolsVersion = 11.6;
					};
				};
			};
			buildConfigurationList = 01E4E54D24F625AC00EDD1D8 /* Build configuration list for PBXProject "SPM" */;
			compatibilityVersion = "Xcode 9.3";
			developmentRegion = en;
			hasScannedForEncodings = 0;
			knownRegions = (
				en,
				Base,
			);
			mainGroup = 01E4E54924F625AC00EDD1D8;
			productRefGroup = 01E4E55324F625AC00EDD1D8 /* Products */;
			projectDirPath = "";
			projectRoot = "";
			targets = (
				01E4E55124F625AC00EDD1D8 /* SPM */,
			);
		};
/* End PBXProject section */

/* Begin PBXResourcesBuildPhase section */
		01E4E55024F625AC00EDD1D8 /* Resources */ = {
			isa = PBXResourcesBuildPhase;
			buildActionMask = 2147483647;
			files = (
				01E4E56224F625B000EDD1D8 /* LaunchScreen.storyboard in Resources */,
				01E4E55F24F625B000EDD1D8 /* Preview Assets.xcassets in Resources */,
				01E4E55C24F625B000EDD1D8 /* Assets.xcassets in Resources */,
			);
			runOnlyForDeploymentPostprocessing = 0;
		};
/* End PBXResourcesBuildPhase section */

/* Begin PBXSourcesBuildPhase section */
		01E4E54E24F625AC00EDD1D8 /* Sources */ = {
			isa = PBXSourcesBuildPhase;
			buildActionMask = 2147483647;
			files = (
				01E4E55624F625AC00EDD1D8 /* AppDelegate.swift in Sources */,
				01E4E55824F625AC00EDD1D8 /* SceneDelegate.swift in Sources */,
				01E4E56B24F6261300EDD1D8 /* ContentView.swift in Sources */,
			);
			runOnlyForDeploymentPostprocessing = 0;
		};
/* End PBXSourcesBuildPhase section */

/* Begin PBXVariantGroup section */
		01E4E56024F625B000EDD1D8 /* LaunchScreen.storyboard */ = {
			isa = PBXVariantGroup;
			children = (
				01E4E56124F625B000EDD1D8 /* Base */,
			);
			name = LaunchScreen.storyboard;
			sourceTree = "<group>";
		};
/* End PBXVariantGroup section */

/* Begin XCBuildConfiguration section */
		01E4E56424F625B000EDD1D8 /* Debug */ = {
			isa = XCBuildConfiguration;
			buildSettings = {
				ALWAYS_SEARCH_USER_PATHS = NO;
				CLANG_ANALYZER_NONNULL = YES;
				CLANG_ANALYZER_NUMBER_OBJECT_CONVERSION = YES_AGGRESSIVE;
				CLANG_CXX_LANGUAGE_STANDARD = "gnu++14";
				CLANG_CXX_LIBRARY = "libc++";
				CLANG_ENABLE_MODULES = YES;
				CLANG_ENABLE_OBJC_ARC = YES;
				CLANG_ENABLE_OBJC_WEAK = YES;
				CLANG_WARN_BLOCK_CAPTURE_AUTORELEASING = YES;
				CLANG_WARN_BOOL_CONVERSION = YES;
				CLANG_WARN_COMMA = YES;
				CLANG_WARN_CONSTANT_CONVERSION = YES;
				CLANG_WARN_DEPRECATED_OBJC_IMPLEMENTATIONS = YES;
				CLANG_WARN_DIRECT_OBJC_ISA_USAGE = YES_ERROR;
				CLANG_WARN_DOCUMENTATION_COMMENTS = YES;
				CLANG_WARN_EMPTY_BODY = YES;
				CLANG_WARN_ENUM_CONVERSION = YES;
				CLANG_WARN_INFINITE_RECURSION = YES;
				CLANG_WARN_INT_CONVERSION = YES;
				CLANG_WARN_NON_LITERAL_NULL_CONVERSION = YES;
				CLANG_WARN_OBJC_IMPLICIT_RETAIN_SELF = YES;
				CLANG_WARN_OBJC_LITERAL_CONVERSION = YES;
				CLANG_WARN_OBJC_ROOT_CLASS = YES_ERROR;
				CLANG_WARN_RANGE_LOOP_ANALYSIS = YES;
				CLANG_WARN_STRICT_PROTOTYPES = YES;
				CLANG_WARN_SUSPICIOUS_MOVE = YES;
				CLANG_WARN_UNGUARDED_AVAILABILITY = YES_AGGRESSIVE;
				CLANG_WARN_UNREACHABLE_CODE = YES;
				CLANG_WARN__DUPLICATE_METHOD_MATCH = YES;
				COPY_PHASE_STRIP = NO;
				DEBUG_INFORMATION_FORMAT = dwarf;
				ENABLE_STRICT_OBJC_MSGSEND = YES;
				ENABLE_TESTABILITY = YES;
				GCC_C_LANGUAGE_STANDARD = gnu11;
				GCC_DYNAMIC_NO_PIC = NO;
				GCC_NO_COMMON_BLOCKS = YES;
				GCC_OPTIMIZATION_LEVEL = 0;
				GCC_PREPROCESSOR_DEFINITIONS = (
					"DEBUG=1",
					"$(inherited)",
				);
				GCC_WARN_64_TO_32_BIT_CONVERSION = YES;
				GCC_WARN_ABOUT_RETURN_TYPE = YES_ERROR;
				GCC_WARN_UNDECLARED_SELECTOR = YES;
				GCC_WARN_UNINITIALIZED_AUTOS = YES_AGGRESSIVE;
				GCC_WARN_UNUSED_FUNCTION = YES;
				GCC_WARN_UNUSED_VARIABLE = YES;
				IPHONEOS_DEPLOYMENT_TARGET = 13.6;
				MTL_ENABLE_DEBUG_INFO = INCLUDE_SOURCE;
				MTL_FAST_MATH = YES;
				ONLY_ACTIVE_ARCH = YES;
				SDKROOT = iphoneos;
				SWIFT_ACTIVE_COMPILATION_CONDITIONS = DEBUG;
				SWIFT_OPTIMIZATION_LEVEL = "-Onone";
			};
			name = Debug;
		};
		01E4E56524F625B000EDD1D8 /* Release */ = {
			isa = XCBuildConfiguration;
			buildSettings = {
				ALWAYS_SEARCH_USER_PATHS = NO;
				CLANG_ANALYZER_NONNULL = YES;
				CLANG_ANALYZER_NUMBER_OBJECT_CONVERSION = YES_AGGRESSIVE;
				CLANG_CXX_LANGUAGE_STANDARD = "gnu++14";
				CLANG_CXX_LIBRARY = "libc++";
				CLANG_ENABLE_MODULES = YES;
				CLANG_ENABLE_OBJC_ARC = YES;
				CLANG_ENABLE_OBJC_WEAK = YES;
				CLANG_WARN_BLOCK_CAPTURE_AUTORELEASING = YES;
				CLANG_WARN_BOOL_CONVERSION = YES;
				CLANG_WARN_COMMA = YES;
				CLANG_WARN_CONSTANT_CONVERSION = YES;
				CLANG_WARN_DEPRECATED_OBJC_IMPLEMENTATIONS = YES;
				CLANG_WARN_DIRECT_OBJC_ISA_USAGE = YES_ERROR;
				CLANG_WARN_DOCUMENTATION_COMMENTS = YES;
				CLANG_WARN_EMPTY_BODY = YES;
				CLANG_WARN_ENUM_CONVERSION = YES;
				CLANG_WARN_INFINITE_RECURSION = YES;
				CLANG_WARN_INT_CONVERSION = YES;
				CLANG_WARN_NON_LITERAL_NULL_CONVERSION = YES;
				CLANG_WARN_OBJC_IMPLICIT_RETAIN_SELF = YES;
				CLANG_WARN_OBJC_LITERAL_CONVERSION = YES;
				CLANG_WARN_OBJC_ROOT_CLASS = YES_ERROR;
				CLANG_WARN_RANGE_LOOP_ANALYSIS = YES;
				CLANG_WARN_STRICT_PROTOTYPES = YES;
				CLANG_WARN_SUSPICIOUS_MOVE = YES;
				CLANG_WARN_UNGUARDED_AVAILABILITY = YES_AGGRESSIVE;
				CLANG_WARN_UNREACHABLE_CODE = YES;
				CLANG_WARN__DUPLICATE_METHOD_MATCH = YES;
				COPY_PHASE_STRIP = NO;
				DEBUG_INFORMATION_FORMAT = "dwarf-with-dsym";
				ENABLE_NS_ASSERTIONS = NO;
				ENABLE_STRICT_OBJC_MSGSEND = YES;
				GCC_C_LANGUAGE_STANDARD = gnu11;
				GCC_NO_COMMON_BLOCKS = YES;
				GCC_WARN_64_TO_32_BIT_CONVERSION = YES;
				GCC_WARN_ABOUT_RETURN_TYPE = YES_ERROR;
				GCC_WARN_UNDECLARED_SELECTOR = YES;
				GCC_WARN_UNINITIALIZED_AUTOS = YES_AGGRESSIVE;
				GCC_WARN_UNUSED_FUNCTION = YES;
				GCC_WARN_UNUSED_VARIABLE = YES;
				IPHONEOS_DEPLOYMENT_TARGET = 13.6;
				MTL_ENABLE_DEBUG_INFO = NO;
				MTL_FAST_MATH = YES;
				SDKROOT = iphoneos;
				SWIFT_COMPILATION_MODE = wholemodule;
				SWIFT_OPTIMIZATION_LEVEL = "-O";
				VALIDATE_PRODUCT = YES;
			};
			name = Release;
		};
		01E4E56724F625B000EDD1D8 /* Debug */ = {
			isa = XCBuildConfiguration;
			buildSettings = {
				ASSETCATALOG_COMPILER_APPICON_NAME = AppIcon;
				CODE_SIGN_STYLE = Automatic;
				DEVELOPMENT_ASSET_PATHS = "\"SPM/Preview Content\"";
				DEVELOPMENT_TEAM = 9Z7X65Q4T3;
				ENABLE_PREVIEWS = YES;
				INFOPLIST_FILE = SPM/Info.plist;
				LD_RUNPATH_SEARCH_PATHS = (
					"$(inherited)",
					"@executable_path/Frameworks",
				);
				PRODUCT_BUNDLE_IDENTIFIER = com.praiject.kintellapp.SPM;
				PRODUCT_NAME = "$(TARGET_NAME)";
				SWIFT_VERSION = 5.0;
				TARGETED_DEVICE_FAMILY = "1,2";
			};
			name = Debug;
		};
		01E4E56824F625B000EDD1D8 /* Release */ = {
			isa = XCBuildConfiguration;
			buildSettings = {
				ASSETCATALOG_COMPILER_APPICON_NAME = AppIcon;
				CODE_SIGN_STYLE = Automatic;
				DEVELOPMENT_ASSET_PATHS = "\"SPM/Preview Content\"";
				DEVELOPMENT_TEAM = 9Z7X65Q4T3;
				ENABLE_PREVIEWS = YES;
				INFOPLIST_FILE = SPM/Info.plist;
				LD_RUNPATH_SEARCH_PATHS = (
					"$(inherited)",
					"@executable_path/Frameworks",
				);
				PRODUCT_BUNDLE_IDENTIFIER = com.praiject.kintellapp.SPM;
				PRODUCT_NAME = "$(TARGET_NAME)";
				SWIFT_VERSION = 5.0;
				TARGETED_DEVICE_FAMILY = "1,2";
			};
			name = Release;
		};
/* End XCBuildConfiguration section */

/* Begin XCConfigurationList section */
		01E4E54D24F625AC00EDD1D8 /* Build configuration list for PBXProject "SPM" */ = {
			isa = XCConfigurationList;
			buildConfigurations = (
				01E4E56424F625B000EDD1D8 /* Debug */,
				01E4E56524F625B000EDD1D8 /* Release */,
			);
			defaultConfigurationIsVisible = 0;
			defaultConfigurationName = Release;
		};
		01E4E56624F625B000EDD1D8 /* Build configuration list for PBXNativeTarget "SPM" */ = {
			isa = XCConfigurationList;
			buildConfigurations = (
				01E4E56724F625B000EDD1D8 /* Debug */,
				01E4E56824F625B000EDD1D8 /* Release */,
			);
			defaultConfigurationIsVisible = 0;
			defaultConfigurationName = Release;
		};
/* End XCConfigurationList section */
	};
	rootObject = 01E4E54A24F625AC00EDD1D8 /* Project object */;
}
